// !$*UTF8*$!
{
	archiveVersion = 1;
	classes = {
	};
	objectVersion = 55;
	objects = {

/* Begin PBXBuildFile section */
		1CEBFD8296AC590B96D30D9D /* Pods_Gapo_Login_Gapo_LoginUITests.framework in Frameworks */ = {isa = PBXBuildFile; fileRef = BD9CBC6F5B5924BE2C932042 /* Pods_Gapo_Login_Gapo_LoginUITests.framework */; };
		21EF7E9ECF5633552C8FC019 /* Pods_Gapo_LoginTests.framework in Frameworks */ = {isa = PBXBuildFile; fileRef = 6DB9A1A852E595385A5993D9 /* Pods_Gapo_LoginTests.framework */; };
		A0DA5292166A80A199BDE383 /* Pods_Gapo_Login.framework in Frameworks */ = {isa = PBXBuildFile; fileRef = 8C81ADC5B26D364310C2122E /* Pods_Gapo_Login.framework */; };
		B60C93FA28D17B0700438E3B /* LoginResult.swift in Sources */ = {isa = PBXBuildFile; fileRef = B60C93F928D17B0700438E3B /* LoginResult.swift */; };
		B60C93FC28D17B1900438E3B /* LoginData.swift in Sources */ = {isa = PBXBuildFile; fileRef = B60C93FB28D17B1900438E3B /* LoginData.swift */; };
		B60C93FE28D1853200438E3B /* DataValue.swift in Sources */ = {isa = PBXBuildFile; fileRef = B60C93FD28D1853200438E3B /* DataValue.swift */; };
		B645449128D853D100E1106C /* Notification.swift in Sources */ = {isa = PBXBuildFile; fileRef = B645449028D853D100E1106C /* Notification.swift */; };
		B645449328D8541100E1106C /* DataItem.swift in Sources */ = {isa = PBXBuildFile; fileRef = B645449228D8541100E1106C /* DataItem.swift */; };
		B645449528D8546200E1106C /* Tilte.swift in Sources */ = {isa = PBXBuildFile; fileRef = B645449428D8546200E1106C /* Tilte.swift */; };
		B645449728D8548400E1106C /* Message.swift in Sources */ = {isa = PBXBuildFile; fileRef = B645449628D8548400E1106C /* Message.swift */; };
		B645449928D854A300E1106C /* Status.swift in Sources */ = {isa = PBXBuildFile; fileRef = B645449828D854A300E1106C /* Status.swift */; };
		B645449B28D854C000E1106C /* Subscription.swift in Sources */ = {isa = PBXBuildFile; fileRef = B645449A28D854C000E1106C /* Subscription.swift */; };
		B645449F28D8551A00E1106C /* Highlight.swift in Sources */ = {isa = PBXBuildFile; fileRef = B645449E28D8551A00E1106C /* Highlight.swift */; };
		B64544A428D855F700E1106C /* CustomTableViewCell.swift in Sources */ = {isa = PBXBuildFile; fileRef = B64544A228D855F700E1106C /* CustomTableViewCell.swift */; };
		B64544A528D855F700E1106C /* CustomTableViewCell.xib in Resources */ = {isa = PBXBuildFile; fileRef = B64544A328D855F700E1106C /* CustomTableViewCell.xib */; };
		B64544A728DAAF2B00E1106C /* Settings.swift in Sources */ = {isa = PBXBuildFile; fileRef = B64544A628DAAF2B00E1106C /* Settings.swift */; };
		B64544AA28DD4FAC00E1106C /* NotificationCollectionController.swift in Sources */ = {isa = PBXBuildFile; fileRef = B64544A828DD4FAC00E1106C /* NotificationCollectionController.swift */; };
		B64544AB28DD4FAC00E1106C /* NotificationCollectionController.xib in Resources */ = {isa = PBXBuildFile; fileRef = B64544A928DD4FAC00E1106C /* NotificationCollectionController.xib */; };
		B64544AF28DD5E4E00E1106C /* CustomCollectionViewCell.swift in Sources */ = {isa = PBXBuildFile; fileRef = B64544AD28DD5E4E00E1106C /* CustomCollectionViewCell.swift */; };
		B64544B028DD5E4E00E1106C /* CustomCollectionViewCell.xib in Resources */ = {isa = PBXBuildFile; fileRef = B64544AE28DD5E4E00E1106C /* CustomCollectionViewCell.xib */; };
		B64544B228DD6B0C00E1106C /* ViewControllerExtension.swift in Sources */ = {isa = PBXBuildFile; fileRef = B64544B128DD6B0C00E1106C /* ViewControllerExtension.swift */; };
		B654BC1028C753AB000A0D4D /* Result.swift in Sources */ = {isa = PBXBuildFile; fileRef = B654BC0F28C753AB000A0D4D /* Result.swift */; };
		B654BC1428C75EFF000A0D4D /* DataClass.swift in Sources */ = {isa = PBXBuildFile; fileRef = B654BC1328C75EFF000A0D4D /* DataClass.swift */; };
		B654BC1728D08182000A0D4D /* NotificationViewController.swift in Sources */ = {isa = PBXBuildFile; fileRef = B654BC1528D08182000A0D4D /* NotificationViewController.swift */; };
		B654BC1828D08182000A0D4D /* NotificationViewController.xib in Resources */ = {isa = PBXBuildFile; fileRef = B654BC1628D08182000A0D4D /* NotificationViewController.xib */; };
		B6F124DB28ADE95600388AED /* AppDelegate.swift in Sources */ = {isa = PBXBuildFile; fileRef = B6F124DA28ADE95600388AED /* AppDelegate.swift */; };
		B6F124DD28ADE95600388AED /* SceneDelegate.swift in Sources */ = {isa = PBXBuildFile; fileRef = B6F124DC28ADE95600388AED /* SceneDelegate.swift */; };
		B6F124E428ADE96200388AED /* Assets.xcassets in Resources */ = {isa = PBXBuildFile; fileRef = B6F124E328ADE96200388AED /* Assets.xcassets */; };
		B6F124E728ADE96200388AED /* LaunchScreen.storyboard in Resources */ = {isa = PBXBuildFile; fileRef = B6F124E528ADE96200388AED /* LaunchScreen.storyboard */; };
		B6F124F228ADE96300388AED /* Gapo_LoginTests.swift in Sources */ = {isa = PBXBuildFile; fileRef = B6F124F128ADE96300388AED /* Gapo_LoginTests.swift */; };
		B6F124FC28ADE96400388AED /* Gapo_LoginUITests.swift in Sources */ = {isa = PBXBuildFile; fileRef = B6F124FB28ADE96400388AED /* Gapo_LoginUITests.swift */; };
		B6F124FE28ADE96400388AED /* Gapo_LoginUITestsLaunchTests.swift in Sources */ = {isa = PBXBuildFile; fileRef = B6F124FD28ADE96400388AED /* Gapo_LoginUITestsLaunchTests.swift */; };
		B6F1250D28ADFB2700388AED /* MyViewController.swift in Sources */ = {isa = PBXBuildFile; fileRef = B6F1250B28ADFB2700388AED /* MyViewController.swift */; };
		B6F1250E28ADFB2700388AED /* MyViewController.xib in Resources */ = {isa = PBXBuildFile; fileRef = B6F1250C28ADFB2700388AED /* MyViewController.xib */; };
		B6F1251128AF373700388AED /* SFProText.ttf in Resources */ = {isa = PBXBuildFile; fileRef = B6F1251028AF373600388AED /* SFProText.ttf */; };
/* End PBXBuildFile section */

/* Begin PBXContainerItemProxy section */
		B6F124EE28ADE96300388AED /* PBXContainerItemProxy */ = {
			isa = PBXContainerItemProxy;
			containerPortal = B6F124CF28ADE95600388AED /* Project object */;
			proxyType = 1;
			remoteGlobalIDString = B6F124D628ADE95600388AED;
			remoteInfo = "Gapo-Login";
		};
		B6F124F828ADE96400388AED /* PBXContainerItemProxy */ = {
			isa = PBXContainerItemProxy;
			containerPortal = B6F124CF28ADE95600388AED /* Project object */;
			proxyType = 1;
			remoteGlobalIDString = B6F124D628ADE95600388AED;
			remoteInfo = "Gapo-Login";
		};
/* End PBXContainerItemProxy section */

/* Begin PBXFileReference section */
		19E6E39CC64A84D70706832A /* Pods-Gapo-Login-Gapo-LoginUITests.release.xcconfig */ = {isa = PBXFileReference; includeInIndex = 1; lastKnownFileType = text.xcconfig; name = "Pods-Gapo-Login-Gapo-LoginUITests.release.xcconfig"; path = "Target Support Files/Pods-Gapo-Login-Gapo-LoginUITests/Pods-Gapo-Login-Gapo-LoginUITests.release.xcconfig"; sourceTree = "<group>"; };
		21A3132B7075AAB8E79488E2 /* Pods-Gapo-Login.release.xcconfig */ = {isa = PBXFileReference; includeInIndex = 1; lastKnownFileType = text.xcconfig; name = "Pods-Gapo-Login.release.xcconfig"; path = "Target Support Files/Pods-Gapo-Login/Pods-Gapo-Login.release.xcconfig"; sourceTree = "<group>"; };
		3B78641C10622893AC83C644 /* Pods-Gapo-Login-Gapo-LoginUITests.debug.xcconfig */ = {isa = PBXFileReference; includeInIndex = 1; lastKnownFileType = text.xcconfig; name = "Pods-Gapo-Login-Gapo-LoginUITests.debug.xcconfig"; path = "Target Support Files/Pods-Gapo-Login-Gapo-LoginUITests/Pods-Gapo-Login-Gapo-LoginUITests.debug.xcconfig"; sourceTree = "<group>"; };
		597AC4FD70978EB2C83F8E98 /* Pods-Gapo-LoginTests.debug.xcconfig */ = {isa = PBXFileReference; includeInIndex = 1; lastKnownFileType = text.xcconfig; name = "Pods-Gapo-LoginTests.debug.xcconfig"; path = "Target Support Files/Pods-Gapo-LoginTests/Pods-Gapo-LoginTests.debug.xcconfig"; sourceTree = "<group>"; };
		6DB9A1A852E595385A5993D9 /* Pods_Gapo_LoginTests.framework */ = {isa = PBXFileReference; explicitFileType = wrapper.framework; includeInIndex = 0; path = Pods_Gapo_LoginTests.framework; sourceTree = BUILT_PRODUCTS_DIR; };
		8C81ADC5B26D364310C2122E /* Pods_Gapo_Login.framework */ = {isa = PBXFileReference; explicitFileType = wrapper.framework; includeInIndex = 0; path = Pods_Gapo_Login.framework; sourceTree = BUILT_PRODUCTS_DIR; };
		B60C93F928D17B0700438E3B /* LoginResult.swift */ = {isa = PBXFileReference; lastKnownFileType = sourcecode.swift; path = LoginResult.swift; sourceTree = "<group>"; };
		B60C93FB28D17B1900438E3B /* LoginData.swift */ = {isa = PBXFileReference; lastKnownFileType = sourcecode.swift; path = LoginData.swift; sourceTree = "<group>"; };
		B60C93FD28D1853200438E3B /* DataValue.swift */ = {isa = PBXFileReference; lastKnownFileType = sourcecode.swift; path = DataValue.swift; sourceTree = "<group>"; };
		B645449028D853D100E1106C /* Notification.swift */ = {isa = PBXFileReference; lastKnownFileType = sourcecode.swift; path = Notification.swift; sourceTree = "<group>"; };
		B645449228D8541100E1106C /* DataItem.swift */ = {isa = PBXFileReference; lastKnownFileType = sourcecode.swift; path = DataItem.swift; sourceTree = "<group>"; };
		B645449428D8546200E1106C /* Tilte.swift */ = {isa = PBXFileReference; lastKnownFileType = sourcecode.swift; path = Tilte.swift; sourceTree = "<group>"; };
		B645449628D8548400E1106C /* Message.swift */ = {isa = PBXFileReference; lastKnownFileType = sourcecode.swift; path = Message.swift; sourceTree = "<group>"; };
		B645449828D854A300E1106C /* Status.swift */ = {isa = PBXFileReference; lastKnownFileType = sourcecode.swift; path = Status.swift; sourceTree = "<group>"; };
		B645449A28D854C000E1106C /* Subscription.swift */ = {isa = PBXFileReference; lastKnownFileType = sourcecode.swift; path = Subscription.swift; sourceTree = "<group>"; };
		B645449E28D8551A00E1106C /* Highlight.swift */ = {isa = PBXFileReference; lastKnownFileType = sourcecode.swift; path = Highlight.swift; sourceTree = "<group>"; };
		B64544A228D855F700E1106C /* CustomTableViewCell.swift */ = {isa = PBXFileReference; lastKnownFileType = sourcecode.swift; path = CustomTableViewCell.swift; sourceTree = "<group>"; };
		B64544A328D855F700E1106C /* CustomTableViewCell.xib */ = {isa = PBXFileReference; lastKnownFileType = file.xib; path = CustomTableViewCell.xib; sourceTree = "<group>"; };
		B64544A628DAAF2B00E1106C /* Settings.swift */ = {isa = PBXFileReference; lastKnownFileType = sourcecode.swift; path = Settings.swift; sourceTree = "<group>"; };
		B64544A828DD4FAC00E1106C /* NotificationCollectionController.swift */ = {isa = PBXFileReference; lastKnownFileType = sourcecode.swift; path = NotificationCollectionController.swift; sourceTree = "<group>"; };
		B64544A928DD4FAC00E1106C /* NotificationCollectionController.xib */ = {isa = PBXFileReference; lastKnownFileType = file.xib; path = NotificationCollectionController.xib; sourceTree = "<group>"; };
		B64544AD28DD5E4E00E1106C /* CustomCollectionViewCell.swift */ = {isa = PBXFileReference; lastKnownFileType = sourcecode.swift; path = CustomCollectionViewCell.swift; sourceTree = "<group>"; };
		B64544AE28DD5E4E00E1106C /* CustomCollectionViewCell.xib */ = {isa = PBXFileReference; lastKnownFileType = file.xib; path = CustomCollectionViewCell.xib; sourceTree = "<group>"; };
		B64544B128DD6B0C00E1106C /* ViewControllerExtension.swift */ = {isa = PBXFileReference; lastKnownFileType = sourcecode.swift; path = ViewControllerExtension.swift; sourceTree = "<group>"; };
		B654BC0F28C753AB000A0D4D /* Result.swift */ = {isa = PBXFileReference; lastKnownFileType = sourcecode.swift; path = Result.swift; sourceTree = "<group>"; };
		B654BC1328C75EFF000A0D4D /* DataClass.swift */ = {isa = PBXFileReference; lastKnownFileType = sourcecode.swift; path = DataClass.swift; sourceTree = "<group>"; };
		B654BC1528D08182000A0D4D /* NotificationViewController.swift */ = {isa = PBXFileReference; lastKnownFileType = sourcecode.swift; path = NotificationViewController.swift; sourceTree = "<group>"; };
		B654BC1628D08182000A0D4D /* NotificationViewController.xib */ = {isa = PBXFileReference; lastKnownFileType = file.xib; path = NotificationViewController.xib; sourceTree = "<group>"; };
		B6F124D728ADE95600388AED /* Gapo-Login.app */ = {isa = PBXFileReference; explicitFileType = wrapper.application; includeInIndex = 0; path = "Gapo-Login.app"; sourceTree = BUILT_PRODUCTS_DIR; };
		B6F124DA28ADE95600388AED /* AppDelegate.swift */ = {isa = PBXFileReference; lastKnownFileType = sourcecode.swift; path = AppDelegate.swift; sourceTree = "<group>"; };
		B6F124DC28ADE95600388AED /* SceneDelegate.swift */ = {isa = PBXFileReference; lastKnownFileType = sourcecode.swift; path = SceneDelegate.swift; sourceTree = "<group>"; };
		B6F124E328ADE96200388AED /* Assets.xcassets */ = {isa = PBXFileReference; lastKnownFileType = folder.assetcatalog; path = Assets.xcassets; sourceTree = "<group>"; };
		B6F124E628ADE96200388AED /* Base */ = {isa = PBXFileReference; lastKnownFileType = file.storyboard; name = Base; path = Base.lproj/LaunchScreen.storyboard; sourceTree = "<group>"; };
		B6F124E828ADE96200388AED /* Info.plist */ = {isa = PBXFileReference; lastKnownFileType = text.plist.xml; path = Info.plist; sourceTree = "<group>"; };
		B6F124ED28ADE96300388AED /* Gapo-LoginTests.xctest */ = {isa = PBXFileReference; explicitFileType = wrapper.cfbundle; includeInIndex = 0; path = "Gapo-LoginTests.xctest"; sourceTree = BUILT_PRODUCTS_DIR; };
		B6F124F128ADE96300388AED /* Gapo_LoginTests.swift */ = {isa = PBXFileReference; lastKnownFileType = sourcecode.swift; path = Gapo_LoginTests.swift; sourceTree = "<group>"; };
		B6F124F728ADE96400388AED /* Gapo-LoginUITests.xctest */ = {isa = PBXFileReference; explicitFileType = wrapper.cfbundle; includeInIndex = 0; path = "Gapo-LoginUITests.xctest"; sourceTree = BUILT_PRODUCTS_DIR; };
		B6F124FB28ADE96400388AED /* Gapo_LoginUITests.swift */ = {isa = PBXFileReference; lastKnownFileType = sourcecode.swift; path = Gapo_LoginUITests.swift; sourceTree = "<group>"; };
		B6F124FD28ADE96400388AED /* Gapo_LoginUITestsLaunchTests.swift */ = {isa = PBXFileReference; lastKnownFileType = sourcecode.swift; path = Gapo_LoginUITestsLaunchTests.swift; sourceTree = "<group>"; };
		B6F1250B28ADFB2700388AED /* MyViewController.swift */ = {isa = PBXFileReference; lastKnownFileType = sourcecode.swift; path = MyViewController.swift; sourceTree = "<group>"; };
		B6F1250C28ADFB2700388AED /* MyViewController.xib */ = {isa = PBXFileReference; lastKnownFileType = file.xib; path = MyViewController.xib; sourceTree = "<group>"; };
		B6F1251028AF373600388AED /* SFProText.ttf */ = {isa = PBXFileReference; lastKnownFileType = file; name = SFProText.ttf; path = ../../../../Downloads/Notification/SFProText.ttf; sourceTree = "<group>"; };
		BD9CBC6F5B5924BE2C932042 /* Pods_Gapo_Login_Gapo_LoginUITests.framework */ = {isa = PBXFileReference; explicitFileType = wrapper.framework; includeInIndex = 0; path = Pods_Gapo_Login_Gapo_LoginUITests.framework; sourceTree = BUILT_PRODUCTS_DIR; };
		D7EC778E7A51BF5AA3B7B4FB /* Pods-Gapo-Login.debug.xcconfig */ = {isa = PBXFileReference; includeInIndex = 1; lastKnownFileType = text.xcconfig; name = "Pods-Gapo-Login.debug.xcconfig"; path = "Target Support Files/Pods-Gapo-Login/Pods-Gapo-Login.debug.xcconfig"; sourceTree = "<group>"; };
		D931F2BDC8E68FE0E11A9CC5 /* Pods-Gapo-LoginTests.release.xcconfig */ = {isa = PBXFileReference; includeInIndex = 1; lastKnownFileType = text.xcconfig; name = "Pods-Gapo-LoginTests.release.xcconfig"; path = "Target Support Files/Pods-Gapo-LoginTests/Pods-Gapo-LoginTests.release.xcconfig"; sourceTree = "<group>"; };
/* End PBXFileReference section */

/* Begin PBXFrameworksBuildPhase section */
		B6F124D428ADE95600388AED /* Frameworks */ = {
			isa = PBXFrameworksBuildPhase;
			buildActionMask = 2147483647;
			files = (
				A0DA5292166A80A199BDE383 /* Pods_Gapo_Login.framework in Frameworks */,
			);
			runOnlyForDeploymentPostprocessing = 0;
		};
		B6F124EA28ADE96300388AED /* Frameworks */ = {
			isa = PBXFrameworksBuildPhase;
			buildActionMask = 2147483647;
			files = (
				21EF7E9ECF5633552C8FC019 /* Pods_Gapo_LoginTests.framework in Frameworks */,
			);
			runOnlyForDeploymentPostprocessing = 0;
		};
		B6F124F428ADE96400388AED /* Frameworks */ = {
			isa = PBXFrameworksBuildPhase;
			buildActionMask = 2147483647;
			files = (
				1CEBFD8296AC590B96D30D9D /* Pods_Gapo_Login_Gapo_LoginUITests.framework in Frameworks */,
			);
			runOnlyForDeploymentPostprocessing = 0;
		};
/* End PBXFrameworksBuildPhase section */

/* Begin PBXGroup section */
		4740E6F92F0B80BDB5370C20 /* Pods */ = {
			isa = PBXGroup;
			children = (
				D7EC778E7A51BF5AA3B7B4FB /* Pods-Gapo-Login.debug.xcconfig */,
				21A3132B7075AAB8E79488E2 /* Pods-Gapo-Login.release.xcconfig */,
				3B78641C10622893AC83C644 /* Pods-Gapo-Login-Gapo-LoginUITests.debug.xcconfig */,
				19E6E39CC64A84D70706832A /* Pods-Gapo-Login-Gapo-LoginUITests.release.xcconfig */,
				597AC4FD70978EB2C83F8E98 /* Pods-Gapo-LoginTests.debug.xcconfig */,
				D931F2BDC8E68FE0E11A9CC5 /* Pods-Gapo-LoginTests.release.xcconfig */,
			);
			path = Pods;
			sourceTree = "<group>";
		};
		872A74F15068F3A1FAABDC5E /* Frameworks */ = {
			isa = PBXGroup;
			children = (
				8C81ADC5B26D364310C2122E /* Pods_Gapo_Login.framework */,
				BD9CBC6F5B5924BE2C932042 /* Pods_Gapo_Login_Gapo_LoginUITests.framework */,
				6DB9A1A852E595385A5993D9 /* Pods_Gapo_LoginTests.framework */,
			);
			name = Frameworks;
			sourceTree = "<group>";
		};
		B60C93F828D17A7400438E3B /* JSON */ = {
			isa = PBXGroup;
			children = (
				B654BC1328C75EFF000A0D4D /* DataClass.swift */,
				B654BC0F28C753AB000A0D4D /* Result.swift */,
				B60C93F928D17B0700438E3B /* LoginResult.swift */,
				B60C93FB28D17B1900438E3B /* LoginData.swift */,
				B645449028D853D100E1106C /* Notification.swift */,
				B645449228D8541100E1106C /* DataItem.swift */,
				B645449428D8546200E1106C /* Tilte.swift */,
				B645449628D8548400E1106C /* Message.swift */,
				B645449828D854A300E1106C /* Status.swift */,
				B645449A28D854C000E1106C /* Subscription.swift */,
				B645449E28D8551A00E1106C /* Highlight.swift */,
			);
			path = JSON;
			sourceTree = "<group>";
		};
		B64544A028D8558400E1106C /* ViewController */ = {
			isa = PBXGroup;
			children = (
				B6F1250B28ADFB2700388AED /* MyViewController.swift */,
				B6F1250C28ADFB2700388AED /* MyViewController.xib */,
				B654BC1528D08182000A0D4D /* NotificationViewController.swift */,
				B654BC1628D08182000A0D4D /* NotificationViewController.xib */,
				B64544A628DAAF2B00E1106C /* Settings.swift */,
				B64544A828DD4FAC00E1106C /* NotificationCollectionController.swift */,
				B64544A928DD4FAC00E1106C /* NotificationCollectionController.xib */,
				B64544B128DD6B0C00E1106C /* ViewControllerExtension.swift */,
			);
			path = ViewController;
			sourceTree = "<group>";
		};
		B64544A128D8559E00E1106C /* CustomViewCell */ = {
			isa = PBXGroup;
			children = (
				B64544A228D855F700E1106C /* CustomTableViewCell.swift */,
				B64544A328D855F700E1106C /* CustomTableViewCell.xib */,
				B64544AD28DD5E4E00E1106C /* CustomCollectionViewCell.swift */,
				B64544AE28DD5E4E00E1106C /* CustomCollectionViewCell.xib */,
			);
			path = CustomViewCell;
			sourceTree = "<group>";
		};
		B6F124CE28ADE95600388AED = {
			isa = PBXGroup;
			children = (
				B6F124D928ADE95600388AED /* Gapo-Login */,
				B6F124F028ADE96300388AED /* Gapo-LoginTests */,
				B6F124FA28ADE96400388AED /* Gapo-LoginUITests */,
				B6F124D828ADE95600388AED /* Products */,
				4740E6F92F0B80BDB5370C20 /* Pods */,
				872A74F15068F3A1FAABDC5E /* Frameworks */,
			);
			sourceTree = "<group>";
		};
		B6F124D828ADE95600388AED /* Products */ = {
			isa = PBXGroup;
			children = (
				B6F124D728ADE95600388AED /* Gapo-Login.app */,
				B6F124ED28ADE96300388AED /* Gapo-LoginTests.xctest */,
				B6F124F728ADE96400388AED /* Gapo-LoginUITests.xctest */,
			);
			name = Products;
			sourceTree = "<group>";
		};
		B6F124D928ADE95600388AED /* Gapo-Login */ = {
			isa = PBXGroup;
			children = (
				B60C93F828D17A7400438E3B /* JSON */,
				B6F1250F28AF371A00388AED /* Font */,
				B6F1250A28ADFB0300388AED /* Controller */,
				B6F124DA28ADE95600388AED /* AppDelegate.swift */,
				B6F124DC28ADE95600388AED /* SceneDelegate.swift */,
				B6F124E328ADE96200388AED /* Assets.xcassets */,
				B6F124E528ADE96200388AED /* LaunchScreen.storyboard */,
				B6F124E828ADE96200388AED /* Info.plist */,
				B60C93FD28D1853200438E3B /* DataValue.swift */,
			);
			path = "Gapo-Login";
			sourceTree = "<group>";
		};
		B6F124F028ADE96300388AED /* Gapo-LoginTests */ = {
			isa = PBXGroup;
			children = (
				B6F124F128ADE96300388AED /* Gapo_LoginTests.swift */,
			);
			path = "Gapo-LoginTests";
			sourceTree = "<group>";
		};
		B6F124FA28ADE96400388AED /* Gapo-LoginUITests */ = {
			isa = PBXGroup;
			children = (
				B6F124FB28ADE96400388AED /* Gapo_LoginUITests.swift */,
				B6F124FD28ADE96400388AED /* Gapo_LoginUITestsLaunchTests.swift */,
			);
			path = "Gapo-LoginUITests";
			sourceTree = "<group>";
		};
		B6F1250A28ADFB0300388AED /* Controller */ = {
			isa = PBXGroup;
			children = (
				B64544A128D8559E00E1106C /* CustomViewCell */,
				B64544A028D8558400E1106C /* ViewController */,
			);
			path = Controller;
			sourceTree = "<group>";
		};
		B6F1250F28AF371A00388AED /* Font */ = {
			isa = PBXGroup;
			children = (
				B6F1251028AF373600388AED /* SFProText.ttf */,
			);
			path = Font;
			sourceTree = "<group>";
		};
/* End PBXGroup section */

/* Begin PBXNativeTarget section */
		B6F124D628ADE95600388AED /* Gapo-Login */ = {
			isa = PBXNativeTarget;
			buildConfigurationList = B6F1250128ADE96400388AED /* Build configuration list for PBXNativeTarget "Gapo-Login" */;
			buildPhases = (
				3030A822CEFB3E0929F3A588 /* [CP] Check Pods Manifest.lock */,
				B6F124D328ADE95600388AED /* Sources */,
				B6F124D428ADE95600388AED /* Frameworks */,
				B6F124D528ADE95600388AED /* Resources */,
				7B3BF24FF82AA0432AF16D4A /* [CP] Embed Pods Frameworks */,
			);
			buildRules = (
			);
			dependencies = (
			);
			name = "Gapo-Login";
			productName = "Gapo-Login";
			productReference = B6F124D728ADE95600388AED /* Gapo-Login.app */;
			productType = "com.apple.product-type.application";
		};
		B6F124EC28ADE96300388AED /* Gapo-LoginTests */ = {
			isa = PBXNativeTarget;
			buildConfigurationList = B6F1250428ADE96400388AED /* Build configuration list for PBXNativeTarget "Gapo-LoginTests" */;
			buildPhases = (
				3B84A6993C517B3E9A8C351E /* [CP] Check Pods Manifest.lock */,
				B6F124E928ADE96300388AED /* Sources */,
				B6F124EA28ADE96300388AED /* Frameworks */,
				B6F124EB28ADE96300388AED /* Resources */,
			);
			buildRules = (
			);
			dependencies = (
				B6F124EF28ADE96300388AED /* PBXTargetDependency */,
			);
			name = "Gapo-LoginTests";
			productName = "Gapo-LoginTests";
			productReference = B6F124ED28ADE96300388AED /* Gapo-LoginTests.xctest */;
			productType = "com.apple.product-type.bundle.unit-test";
		};
		B6F124F628ADE96400388AED /* Gapo-LoginUITests */ = {
			isa = PBXNativeTarget;
			buildConfigurationList = B6F1250728ADE96400388AED /* Build configuration list for PBXNativeTarget "Gapo-LoginUITests" */;
			buildPhases = (
				48D8BE64EAC441918ACBB835 /* [CP] Check Pods Manifest.lock */,
				B6F124F328ADE96400388AED /* Sources */,
				B6F124F428ADE96400388AED /* Frameworks */,
				B6F124F528ADE96400388AED /* Resources */,
				1F0E5D91E0F6C504F76D6774 /* [CP] Embed Pods Frameworks */,
			);
			buildRules = (
			);
			dependencies = (
				B6F124F928ADE96400388AED /* PBXTargetDependency */,
			);
			name = "Gapo-LoginUITests";
			productName = "Gapo-LoginUITests";
			productReference = B6F124F728ADE96400388AED /* Gapo-LoginUITests.xctest */;
			productType = "com.apple.product-type.bundle.ui-testing";
		};
/* End PBXNativeTarget section */

/* Begin PBXProject section */
		B6F124CF28ADE95600388AED /* Project object */ = {
			isa = PBXProject;
			attributes = {
				BuildIndependentTargetsInParallel = 1;
				KnownAssetTags = (
					0,
				);
				LastSwiftUpdateCheck = 1320;
				LastUpgradeCheck = 1320;
				TargetAttributes = {
					B6F124D628ADE95600388AED = {
						CreatedOnToolsVersion = 13.2.1;
					};
					B6F124EC28ADE96300388AED = {
						CreatedOnToolsVersion = 13.2.1;
						TestTargetID = B6F124D628ADE95600388AED;
					};
					B6F124F628ADE96400388AED = {
						CreatedOnToolsVersion = 13.2.1;
						TestTargetID = B6F124D628ADE95600388AED;
					};
				};
			};
			buildConfigurationList = B6F124D228ADE95600388AED /* Build configuration list for PBXProject "Gapo-Login" */;
			compatibilityVersion = "Xcode 13.0";
			developmentRegion = en;
			hasScannedForEncodings = 0;
			knownRegions = (
				en,
				Base,
			);
			mainGroup = B6F124CE28ADE95600388AED;
			productRefGroup = B6F124D828ADE95600388AED /* Products */;
			projectDirPath = "";
			projectRoot = "";
			targets = (
				B6F124D628ADE95600388AED /* Gapo-Login */,
				B6F124EC28ADE96300388AED /* Gapo-LoginTests */,
				B6F124F628ADE96400388AED /* Gapo-LoginUITests */,
			);
		};
/* End PBXProject section */

/* Begin PBXResourcesBuildPhase section */
		B6F124D528ADE95600388AED /* Resources */ = {
			isa = PBXResourcesBuildPhase;
			buildActionMask = 2147483647;
			files = (
				B654BC1828D08182000A0D4D /* NotificationViewController.xib in Resources */,
				B6F1251128AF373700388AED /* SFProText.ttf in Resources */,
				B64544A528D855F700E1106C /* CustomTableViewCell.xib in Resources */,
				B64544AB28DD4FAC00E1106C /* NotificationCollectionController.xib in Resources */,
				B6F124E728ADE96200388AED /* LaunchScreen.storyboard in Resources */,
				B64544B028DD5E4E00E1106C /* CustomCollectionViewCell.xib in Resources */,
				B6F124E428ADE96200388AED /* Assets.xcassets in Resources */,
				B6F1250E28ADFB2700388AED /* MyViewController.xib in Resources */,
			);
			runOnlyForDeploymentPostprocessing = 0;
		};
		B6F124EB28ADE96300388AED /* Resources */ = {
			isa = PBXResourcesBuildPhase;
			buildActionMask = 2147483647;
			files = (
			);
			runOnlyForDeploymentPostprocessing = 0;
		};
		B6F124F528ADE96400388AED /* Resources */ = {
			isa = PBXResourcesBuildPhase;
			buildActionMask = 2147483647;
			files = (
			);
			runOnlyForDeploymentPostprocessing = 0;
		};
/* End PBXResourcesBuildPhase section */

/* Begin PBXShellScriptBuildPhase section */
		1F0E5D91E0F6C504F76D6774 /* [CP] Embed Pods Frameworks */ = {
			isa = PBXShellScriptBuildPhase;
			buildActionMask = 2147483647;
			files = (
			);
			inputFileListPaths = (
				"${PODS_ROOT}/Target Support Files/Pods-Gapo-Login-Gapo-LoginUITests/Pods-Gapo-Login-Gapo-LoginUITests-frameworks-${CONFIGURATION}-input-files.xcfilelist",
			);
			name = "[CP] Embed Pods Frameworks";
			outputFileListPaths = (
				"${PODS_ROOT}/Target Support Files/Pods-Gapo-Login-Gapo-LoginUITests/Pods-Gapo-Login-Gapo-LoginUITests-frameworks-${CONFIGURATION}-output-files.xcfilelist",
			);
			runOnlyForDeploymentPostprocessing = 0;
			shellPath = /bin/sh;
			shellScript = "\"${PODS_ROOT}/Target Support Files/Pods-Gapo-Login-Gapo-LoginUITests/Pods-Gapo-Login-Gapo-LoginUITests-frameworks.sh\"\n";
			showEnvVarsInLog = 0;
		};
		3030A822CEFB3E0929F3A588 /* [CP] Check Pods Manifest.lock */ = {
			isa = PBXShellScriptBuildPhase;
			buildActionMask = 2147483647;
			files = (
			);
			inputFileListPaths = (
			);
			inputPaths = (
				"${PODS_PODFILE_DIR_PATH}/Podfile.lock",
				"${PODS_ROOT}/Manifest.lock",
			);
			name = "[CP] Check Pods Manifest.lock";
			outputFileListPaths = (
			);
			outputPaths = (
				"$(DERIVED_FILE_DIR)/Pods-Gapo-Login-checkManifestLockResult.txt",
			);
			runOnlyForDeploymentPostprocessing = 0;
			shellPath = /bin/sh;
			shellScript = "diff \"${PODS_PODFILE_DIR_PATH}/Podfile.lock\" \"${PODS_ROOT}/Manifest.lock\" > /dev/null\nif [ $? != 0 ] ; then\n    # print error to STDERR\n    echo \"error: The sandbox is not in sync with the Podfile.lock. Run 'pod install' or update your CocoaPods installation.\" >&2\n    exit 1\nfi\n# This output is used by Xcode 'outputs' to avoid re-running this script phase.\necho \"SUCCESS\" > \"${SCRIPT_OUTPUT_FILE_0}\"\n";
			showEnvVarsInLog = 0;
		};
		3B84A6993C517B3E9A8C351E /* [CP] Check Pods Manifest.lock */ = {
			isa = PBXShellScriptBuildPhase;
			buildActionMask = 2147483647;
			files = (
			);
			inputFileListPaths = (
			);
			inputPaths = (
				"${PODS_PODFILE_DIR_PATH}/Podfile.lock",
				"${PODS_ROOT}/Manifest.lock",
			);
			name = "[CP] Check Pods Manifest.lock";
			outputFileListPaths = (
			);
			outputPaths = (
				"$(DERIVED_FILE_DIR)/Pods-Gapo-LoginTests-checkManifestLockResult.txt",
			);
			runOnlyForDeploymentPostprocessing = 0;
			shellPath = /bin/sh;
			shellScript = "diff \"${PODS_PODFILE_DIR_PATH}/Podfile.lock\" \"${PODS_ROOT}/Manifest.lock\" > /dev/null\nif [ $? != 0 ] ; then\n    # print error to STDERR\n    echo \"error: The sandbox is not in sync with the Podfile.lock. Run 'pod install' or update your CocoaPods installation.\" >&2\n    exit 1\nfi\n# This output is used by Xcode 'outputs' to avoid re-running this script phase.\necho \"SUCCESS\" > \"${SCRIPT_OUTPUT_FILE_0}\"\n";
			showEnvVarsInLog = 0;
		};
		48D8BE64EAC441918ACBB835 /* [CP] Check Pods Manifest.lock */ = {
			isa = PBXShellScriptBuildPhase;
			buildActionMask = 2147483647;
			files = (
			);
			inputFileListPaths = (
			);
			inputPaths = (
				"${PODS_PODFILE_DIR_PATH}/Podfile.lock",
				"${PODS_ROOT}/Manifest.lock",
			);
			name = "[CP] Check Pods Manifest.lock";
			outputFileListPaths = (
			);
			outputPaths = (
				"$(DERIVED_FILE_DIR)/Pods-Gapo-Login-Gapo-LoginUITests-checkManifestLockResult.txt",
			);
			runOnlyForDeploymentPostprocessing = 0;
			shellPath = /bin/sh;
			shellScript = "diff \"${PODS_PODFILE_DIR_PATH}/Podfile.lock\" \"${PODS_ROOT}/Manifest.lock\" > /dev/null\nif [ $? != 0 ] ; then\n    # print error to STDERR\n    echo \"error: The sandbox is not in sync with the Podfile.lock. Run 'pod install' or update your CocoaPods installation.\" >&2\n    exit 1\nfi\n# This output is used by Xcode 'outputs' to avoid re-running this script phase.\necho \"SUCCESS\" > \"${SCRIPT_OUTPUT_FILE_0}\"\n";
			showEnvVarsInLog = 0;
		};
		7B3BF24FF82AA0432AF16D4A /* [CP] Embed Pods Frameworks */ = {
			isa = PBXShellScriptBuildPhase;
			buildActionMask = 2147483647;
			files = (
			);
			inputFileListPaths = (
				"${PODS_ROOT}/Target Support Files/Pods-Gapo-Login/Pods-Gapo-Login-frameworks-${CONFIGURATION}-input-files.xcfilelist",
			);
			name = "[CP] Embed Pods Frameworks";
			outputFileListPaths = (
				"${PODS_ROOT}/Target Support Files/Pods-Gapo-Login/Pods-Gapo-Login-frameworks-${CONFIGURATION}-output-files.xcfilelist",
			);
			runOnlyForDeploymentPostprocessing = 0;
			shellPath = /bin/sh;
			shellScript = "\"${PODS_ROOT}/Target Support Files/Pods-Gapo-Login/Pods-Gapo-Login-frameworks.sh\"\n";
			showEnvVarsInLog = 0;
		};
/* End PBXShellScriptBuildPhase section */

/* Begin PBXSourcesBuildPhase section */
		B6F124D328ADE95600388AED /* Sources */ = {
			isa = PBXSourcesBuildPhase;
			buildActionMask = 2147483647;
			files = (
				B64544A428D855F700E1106C /* CustomTableViewCell.swift in Sources */,
				B654BC1428C75EFF000A0D4D /* DataClass.swift in Sources */,
				B64544B228DD6B0C00E1106C /* ViewControllerExtension.swift in Sources */,
				B60C93FA28D17B0700438E3B /* LoginResult.swift in Sources */,
				B60C93FE28D1853200438E3B /* DataValue.swift in Sources */,
				B654BC1028C753AB000A0D4D /* Result.swift in Sources */,
				B645449528D8546200E1106C /* Tilte.swift in Sources */,
				B645449328D8541100E1106C /* DataItem.swift in Sources */,
				B654BC1728D08182000A0D4D /* NotificationViewController.swift in Sources */,
				B6F124DB28ADE95600388AED /* AppDelegate.swift in Sources */,
				B645449128D853D100E1106C /* Notification.swift in Sources */,
				B64544AA28DD4FAC00E1106C /* NotificationCollectionController.swift in Sources */,
				B645449B28D854C000E1106C /* Subscription.swift in Sources */,
				B645449928D854A300E1106C /* Status.swift in Sources */,
				B64544AF28DD5E4E00E1106C /* CustomCollectionViewCell.swift in Sources */,
				B645449F28D8551A00E1106C /* Highlight.swift in Sources */,
				B645449728D8548400E1106C /* Message.swift in Sources */,
				B60C93FC28D17B1900438E3B /* LoginData.swift in Sources */,
				B64544A728DAAF2B00E1106C /* Settings.swift in Sources */,
				B6F1250D28ADFB2700388AED /* MyViewController.swift in Sources */,
				B6F124DD28ADE95600388AED /* SceneDelegate.swift in Sources */,
			);
			runOnlyForDeploymentPostprocessing = 0;
		};
		B6F124E928ADE96300388AED /* Sources */ = {
			isa = PBXSourcesBuildPhase;
			buildActionMask = 2147483647;
			files = (
				B6F124F228ADE96300388AED /* Gapo_LoginTests.swift in Sources */,
			);
			runOnlyForDeploymentPostprocessing = 0;
		};
		B6F124F328ADE96400388AED /* Sources */ = {
			isa = PBXSourcesBuildPhase;
			buildActionMask = 2147483647;
			files = (
				B6F124FC28ADE96400388AED /* Gapo_LoginUITests.swift in Sources */,
				B6F124FE28ADE96400388AED /* Gapo_LoginUITestsLaunchTests.swift in Sources */,
			);
			runOnlyForDeploymentPostprocessing = 0;
		};
/* End PBXSourcesBuildPhase section */

/* Begin PBXTargetDependency section */
		B6F124EF28ADE96300388AED /* PBXTargetDependency */ = {
			isa = PBXTargetDependency;
			target = B6F124D628ADE95600388AED /* Gapo-Login */;
			targetProxy = B6F124EE28ADE96300388AED /* PBXContainerItemProxy */;
		};
		B6F124F928ADE96400388AED /* PBXTargetDependency */ = {
			isa = PBXTargetDependency;
			target = B6F124D628ADE95600388AED /* Gapo-Login */;
			targetProxy = B6F124F828ADE96400388AED /* PBXContainerItemProxy */;
		};
/* End PBXTargetDependency section */

/* Begin PBXVariantGroup section */
		B6F124E528ADE96200388AED /* LaunchScreen.storyboard */ = {
			isa = PBXVariantGroup;
			children = (
				B6F124E628ADE96200388AED /* Base */,
			);
			name = LaunchScreen.storyboard;
			sourceTree = "<group>";
		};
/* End PBXVariantGroup section */

/* Begin XCBuildConfiguration section */
		B6F124FF28ADE96400388AED /* Debug */ = {
			isa = XCBuildConfiguration;
			buildSettings = {
				ALWAYS_SEARCH_USER_PATHS = NO;
				CLANG_ANALYZER_NONNULL = YES;
				CLANG_ANALYZER_NUMBER_OBJECT_CONVERSION = YES_AGGRESSIVE;
				CLANG_CXX_LANGUAGE_STANDARD = "gnu++17";
				CLANG_CXX_LIBRARY = "libc++";
				CLANG_ENABLE_MODULES = YES;
				CLANG_ENABLE_OBJC_ARC = YES;
				CLANG_ENABLE_OBJC_WEAK = YES;
				CLANG_WARN_BLOCK_CAPTURE_AUTORELEASING = YES;
				CLANG_WARN_BOOL_CONVERSION = YES;
				CLANG_WARN_COMMA = YES;
				CLANG_WARN_CONSTANT_CONVERSION = YES;
				CLANG_WARN_DEPRECATED_OBJC_IMPLEMENTATIONS = YES;
				CLANG_WARN_DIRECT_OBJC_ISA_USAGE = YES_ERROR;
				CLANG_WARN_DOCUMENTATION_COMMENTS = YES;
				CLANG_WARN_EMPTY_BODY = YES;
				CLANG_WARN_ENUM_CONVERSION = YES;
				CLANG_WARN_INFINITE_RECURSION = YES;
				CLANG_WARN_INT_CONVERSION = YES;
				CLANG_WARN_NON_LITERAL_NULL_CONVERSION = YES;
				CLANG_WARN_OBJC_IMPLICIT_RETAIN_SELF = YES;
				CLANG_WARN_OBJC_LITERAL_CONVERSION = YES;
				CLANG_WARN_OBJC_ROOT_CLASS = YES_ERROR;
				CLANG_WARN_QUOTED_INCLUDE_IN_FRAMEWORK_HEADER = YES;
				CLANG_WARN_RANGE_LOOP_ANALYSIS = YES;
				CLANG_WARN_STRICT_PROTOTYPES = YES;
				CLANG_WARN_SUSPICIOUS_MOVE = YES;
				CLANG_WARN_UNGUARDED_AVAILABILITY = YES_AGGRESSIVE;
				CLANG_WARN_UNREACHABLE_CODE = YES;
				CLANG_WARN__DUPLICATE_METHOD_MATCH = YES;
				COPY_PHASE_STRIP = NO;
				DEBUG_INFORMATION_FORMAT = dwarf;
				ENABLE_STRICT_OBJC_MSGSEND = YES;
				ENABLE_TESTABILITY = YES;
				GCC_C_LANGUAGE_STANDARD = gnu11;
				GCC_DYNAMIC_NO_PIC = NO;
				GCC_NO_COMMON_BLOCKS = YES;
				GCC_OPTIMIZATION_LEVEL = 0;
				GCC_PREPROCESSOR_DEFINITIONS = (
					"DEBUG=1",
					"$(inherited)",
				);
				GCC_WARN_64_TO_32_BIT_CONVERSION = YES;
				GCC_WARN_ABOUT_RETURN_TYPE = YES_ERROR;
				GCC_WARN_UNDECLARED_SELECTOR = YES;
				GCC_WARN_UNINITIALIZED_AUTOS = YES_AGGRESSIVE;
				GCC_WARN_UNUSED_FUNCTION = YES;
				GCC_WARN_UNUSED_VARIABLE = YES;
				IPHONEOS_DEPLOYMENT_TARGET = 15.2;
				MTL_ENABLE_DEBUG_INFO = INCLUDE_SOURCE;
				MTL_FAST_MATH = YES;
				ONLY_ACTIVE_ARCH = YES;
				SDKROOT = iphoneos;
				SWIFT_ACTIVE_COMPILATION_CONDITIONS = DEBUG;
				SWIFT_OPTIMIZATION_LEVEL = "-Onone";
			};
			name = Debug;
		};
		B6F1250028ADE96400388AED /* Release */ = {
			isa = XCBuildConfiguration;
			buildSettings = {
				ALWAYS_SEARCH_USER_PATHS = NO;
				CLANG_ANALYZER_NONNULL = YES;
				CLANG_ANALYZER_NUMBER_OBJECT_CONVERSION = YES_AGGRESSIVE;
				CLANG_CXX_LANGUAGE_STANDARD = "gnu++17";
				CLANG_CXX_LIBRARY = "libc++";
				CLANG_ENABLE_MODULES = YES;
				CLANG_ENABLE_OBJC_ARC = YES;
				CLANG_ENABLE_OBJC_WEAK = YES;
				CLANG_WARN_BLOCK_CAPTURE_AUTORELEASING = YES;
				CLANG_WARN_BOOL_CONVERSION = YES;
				CLANG_WARN_COMMA = YES;
				CLANG_WARN_CONSTANT_CONVERSION = YES;
				CLANG_WARN_DEPRECATED_OBJC_IMPLEMENTATIONS = YES;
				CLANG_WARN_DIRECT_OBJC_ISA_USAGE = YES_ERROR;
				CLANG_WARN_DOCUMENTATION_COMMENTS = YES;
				CLANG_WARN_EMPTY_BODY = YES;
				CLANG_WARN_ENUM_CONVERSION = YES;
				CLANG_WARN_INFINITE_RECURSION = YES;
				CLANG_WARN_INT_CONVERSION = YES;
				CLANG_WARN_NON_LITERAL_NULL_CONVERSION = YES;
				CLANG_WARN_OBJC_IMPLICIT_RETAIN_SELF = YES;
				CLANG_WARN_OBJC_LITERAL_CONVERSION = YES;
				CLANG_WARN_OBJC_ROOT_CLASS = YES_ERROR;
				CLANG_WARN_QUOTED_INCLUDE_IN_FRAMEWORK_HEADER = YES;
				CLANG_WARN_RANGE_LOOP_ANALYSIS = YES;
				CLANG_WARN_STRICT_PROTOTYPES = YES;
				CLANG_WARN_SUSPICIOUS_MOVE = YES;
				CLANG_WARN_UNGUARDED_AVAILABILITY = YES_AGGRESSIVE;
				CLANG_WARN_UNREACHABLE_CODE = YES;
				CLANG_WARN__DUPLICATE_METHOD_MATCH = YES;
				COPY_PHASE_STRIP = NO;
				DEBUG_INFORMATION_FORMAT = "dwarf-with-dsym";
				ENABLE_NS_ASSERTIONS = NO;
				ENABLE_STRICT_OBJC_MSGSEND = YES;
				GCC_C_LANGUAGE_STANDARD = gnu11;
				GCC_NO_COMMON_BLOCKS = YES;
				GCC_WARN_64_TO_32_BIT_CONVERSION = YES;
				GCC_WARN_ABOUT_RETURN_TYPE = YES_ERROR;
				GCC_WARN_UNDECLARED_SELECTOR = YES;
				GCC_WARN_UNINITIALIZED_AUTOS = YES_AGGRESSIVE;
				GCC_WARN_UNUSED_FUNCTION = YES;
				GCC_WARN_UNUSED_VARIABLE = YES;
				IPHONEOS_DEPLOYMENT_TARGET = 15.2;
				MTL_ENABLE_DEBUG_INFO = NO;
				MTL_FAST_MATH = YES;
				SDKROOT = iphoneos;
				SWIFT_COMPILATION_MODE = wholemodule;
				SWIFT_OPTIMIZATION_LEVEL = "-O";
				VALIDATE_PRODUCT = YES;
			};
			name = Release;
		};
		B6F1250228ADE96400388AED /* Debug */ = {
			isa = XCBuildConfiguration;
			baseConfigurationReference = D7EC778E7A51BF5AA3B7B4FB /* Pods-Gapo-Login.debug.xcconfig */;
			buildSettings = {
				ASSETCATALOG_COMPILER_APPICON_NAME = AppIcon;
				ASSETCATALOG_COMPILER_GLOBAL_ACCENT_COLOR_NAME = AccentColor;
				CODE_SIGN_STYLE = Automatic;
				CURRENT_PROJECT_VERSION = 1;
				DEVELOPMENT_TEAM = 3T4NAG9C3B;
				GENERATE_INFOPLIST_FILE = YES;
				INFOPLIST_FILE = "Gapo-Login/Info.plist";
				INFOPLIST_KEY_UIApplicationSupportsIndirectInputEvents = YES;
				INFOPLIST_KEY_UILaunchStoryboardName = LaunchScreen;
				INFOPLIST_KEY_UISupportedInterfaceOrientations_iPad = "UIInterfaceOrientationPortrait UIInterfaceOrientationPortraitUpsideDown UIInterfaceOrientationLandscapeLeft UIInterfaceOrientationLandscapeRight";
				INFOPLIST_KEY_UISupportedInterfaceOrientations_iPhone = "UIInterfaceOrientationPortrait UIInterfaceOrientationLandscapeLeft UIInterfaceOrientationLandscapeRight";
				LD_RUNPATH_SEARCH_PATHS = (
					"$(inherited)",
					"@executable_path/Frameworks",
				);
				MARKETING_VERSION = 1.0;
				PRODUCT_BUNDLE_IDENTIFIER = "Minh.Gapo-Login";
				PRODUCT_NAME = "$(TARGET_NAME)";
				SWIFT_EMIT_LOC_STRINGS = YES;
				SWIFT_VERSION = 5.0;
				TARGETED_DEVICE_FAMILY = "1,2";
			};
			name = Debug;
		};
		B6F1250328ADE96400388AED /* Release */ = {
			isa = XCBuildConfiguration;
			baseConfigurationReference = 21A3132B7075AAB8E79488E2 /* Pods-Gapo-Login.release.xcconfig */;
			buildSettings = {
				ASSETCATALOG_COMPILER_APPICON_NAME = AppIcon;
				ASSETCATALOG_COMPILER_GLOBAL_ACCENT_COLOR_NAME = AccentColor;
				CODE_SIGN_STYLE = Automatic;
				CURRENT_PROJECT_VERSION = 1;
				DEVELOPMENT_TEAM = 3T4NAG9C3B;
				GENERATE_INFOPLIST_FILE = YES;
				INFOPLIST_FILE = "Gapo-Login/Info.plist";
				INFOPLIST_KEY_UIApplicationSupportsIndirectInputEvents = YES;
				INFOPLIST_KEY_UILaunchStoryboardName = LaunchScreen;
				INFOPLIST_KEY_UISupportedInterfaceOrientations_iPad = "UIInterfaceOrientationPortrait UIInterfaceOrientationPortraitUpsideDown UIInterfaceOrientationLandscapeLeft UIInterfaceOrientationLandscapeRight";
				INFOPLIST_KEY_UISupportedInterfaceOrientations_iPhone = "UIInterfaceOrientationPortrait UIInterfaceOrientationLandscapeLeft UIInterfaceOrientationLandscapeRight";
				LD_RUNPATH_SEARCH_PATHS = (
					"$(inherited)",
					"@executable_path/Frameworks",
				);
				MARKETING_VERSION = 1.0;
				PRODUCT_BUNDLE_IDENTIFIER = "Minh.Gapo-Login";
				PRODUCT_NAME = "$(TARGET_NAME)";
				SWIFT_EMIT_LOC_STRINGS = YES;
				SWIFT_VERSION = 5.0;
				TARGETED_DEVICE_FAMILY = "1,2";
			};
			name = Release;
		};
		B6F1250528ADE96400388AED /* Debug */ = {
			isa = XCBuildConfiguration;
			baseConfigurationReference = 597AC4FD70978EB2C83F8E98 /* Pods-Gapo-LoginTests.debug.xcconfig */;
			buildSettings = {
				ALWAYS_EMBED_SWIFT_STANDARD_LIBRARIES = YES;
				BUNDLE_LOADER = "$(TEST_HOST)";
				CODE_SIGN_STYLE = Automatic;
				CURRENT_PROJECT_VERSION = 1;
				DEVELOPMENT_TEAM = 3T4NAG9C3B;
				GENERATE_INFOPLIST_FILE = YES;
				IPHONEOS_DEPLOYMENT_TARGET = 15.2;
				MARKETING_VERSION = 1.0;
				PRODUCT_BUNDLE_IDENTIFIER = "Minh.Gapo-LoginTests";
				PRODUCT_NAME = "$(TARGET_NAME)";
				SWIFT_EMIT_LOC_STRINGS = NO;
				SWIFT_VERSION = 5.0;
				TARGETED_DEVICE_FAMILY = "1,2";
				TEST_HOST = "$(BUILT_PRODUCTS_DIR)/Gapo-Login.app/Gapo-Login";
			};
			name = Debug;
		};
		B6F1250628ADE96400388AED /* Release */ = {
			isa = XCBuildConfiguration;
			baseConfigurationReference = D931F2BDC8E68FE0E11A9CC5 /* Pods-Gapo-LoginTests.release.xcconfig */;
			buildSettings = {
				ALWAYS_EMBED_SWIFT_STANDARD_LIBRARIES = YES;
				BUNDLE_LOADER = "$(TEST_HOST)";
				CODE_SIGN_STYLE = Automatic;
				CURRENT_PROJECT_VERSION = 1;
				DEVELOPMENT_TEAM = 3T4NAG9C3B;
				GENERATE_INFOPLIST_FILE = YES;
				IPHONEOS_DEPLOYMENT_TARGET = 15.2;
				MARKETING_VERSION = 1.0;
				PRODUCT_BUNDLE_IDENTIFIER = "Minh.Gapo-LoginTests";
				PRODUCT_NAME = "$(TARGET_NAME)";
				SWIFT_EMIT_LOC_STRINGS = NO;
				SWIFT_VERSION = 5.0;
				TARGETED_DEVICE_FAMILY = "1,2";
				TEST_HOST = "$(BUILT_PRODUCTS_DIR)/Gapo-Login.app/Gapo-Login";
			};
			name = Release;
		};
		B6F1250828ADE96400388AED /* Debug */ = {
			isa = XCBuildConfiguration;
			baseConfigurationReference = 3B78641C10622893AC83C644 /* Pods-Gapo-Login-Gapo-LoginUITests.debug.xcconfig */;
			buildSettings = {
				ALWAYS_EMBED_SWIFT_STANDARD_LIBRARIES = YES;
				CODE_SIGN_STYLE = Automatic;
				CURRENT_PROJECT_VERSION = 1;
				DEVELOPMENT_TEAM = 3T4NAG9C3B;
				GENERATE_INFOPLIST_FILE = YES;
				MARKETING_VERSION = 1.0;
				PRODUCT_BUNDLE_IDENTIFIER = "Minh.Gapo-LoginUITests";
				PRODUCT_NAME = "$(TARGET_NAME)";
				SWIFT_EMIT_LOC_STRINGS = NO;
				SWIFT_VERSION = 5.0;
				TARGETED_DEVICE_FAMILY = "1,2";
				TEST_TARGET_NAME = "Gapo-Login";
			};
			name = Debug;
		};
		B6F1250928ADE96400388AED /* Release */ = {
			isa = XCBuildConfiguration;
			baseConfigurationReference = 19E6E39CC64A84D70706832A /* Pods-Gapo-Login-Gapo-LoginUITests.release.xcconfig */;
			buildSettings = {
				ALWAYS_EMBED_SWIFT_STANDARD_LIBRARIES = YES;
				CODE_SIGN_STYLE = Automatic;
				CURRENT_PROJECT_VERSION = 1;
				DEVELOPMENT_TEAM = 3T4NAG9C3B;
				GENERATE_INFOPLIST_FILE = YES;
				MARKETING_VERSION = 1.0;
				PRODUCT_BUNDLE_IDENTIFIER = "Minh.Gapo-LoginUITests";
				PRODUCT_NAME = "$(TARGET_NAME)";
				SWIFT_EMIT_LOC_STRINGS = NO;
				SWIFT_VERSION = 5.0;
				TARGETED_DEVICE_FAMILY = "1,2";
				TEST_TARGET_NAME = "Gapo-Login";
			};
			name = Release;
		};
/* End XCBuildConfiguration section */

/* Begin XCConfigurationList section */
		B6F124D228ADE95600388AED /* Build configuration list for PBXProject "Gapo-Login" */ = {
			isa = XCConfigurationList;
			buildConfigurations = (
				B6F124FF28ADE96400388AED /* Debug */,
				B6F1250028ADE96400388AED /* Release */,
			);
			defaultConfigurationIsVisible = 0;
			defaultConfigurationName = Release;
		};
		B6F1250128ADE96400388AED /* Build configuration list for PBXNativeTarget "Gapo-Login" */ = {
			isa = XCConfigurationList;
			buildConfigurations = (
				B6F1250228ADE96400388AED /* Debug */,
				B6F1250328ADE96400388AED /* Release */,
			);
			defaultConfigurationIsVisible = 0;
			defaultConfigurationName = Release;
		};
		B6F1250428ADE96400388AED /* Build configuration list for PBXNativeTarget "Gapo-LoginTests" */ = {
			isa = XCConfigurationList;
			buildConfigurations = (
				B6F1250528ADE96400388AED /* Debug */,
				B6F1250628ADE96400388AED /* Release */,
			);
			defaultConfigurationIsVisible = 0;
			defaultConfigurationName = Release;
		};
		B6F1250728ADE96400388AED /* Build configuration list for PBXNativeTarget "Gapo-LoginUITests" */ = {
			isa = XCConfigurationList;
			buildConfigurations = (
				B6F1250828ADE96400388AED /* Debug */,
				B6F1250928ADE96400388AED /* Release */,
			);
			defaultConfigurationIsVisible = 0;
			defaultConfigurationName = Release;
		};
/* End XCConfigurationList section */
	};
	rootObject = B6F124CF28ADE95600388AED /* Project object */;
}
